
Microsoft Visual Studio Solution File, Format Version 12.00
# Visual Studio 14
VisualStudioVersion = 14.0.24720.0
MinimumVisualStudioVersion = 10.0.40219.1
Project("{FAE04EC0-301F-11D3-BF4B-00C04F79EFBC}") = "L.Study.Common", "L.Study.Common\L.Study.Common.csproj", "{9C7FEA9A-57B4-407C-887C-5E00CECC782F}"
EndProject
Project("{FAE04EC0-301F-11D3-BF4B-00C04F79EFBC}") = "L.Study.Console", "L.Study.Console\L.Study.Console.csproj", "{288961E6-75B4-4C92-8F98-4BFB196DAF34}"
EndProject
Project("{FAE04EC0-301F-11D3-BF4B-00C04F79EFBC}") = "L.S.Home", "L.S.Home\L.S.Home.csproj", "{8F5B9765-5C4C-431F-A30D-3B28528CCAB6}"
EndProject
Project("{FAE04EC0-301F-11D3-BF4B-00C04F79EFBC}") = "L.S.Model", "L.S.Model\L.S.Model.csproj", "{6A855B5F-F0AB-4219-8D97-2A043D0E39C8}"
EndProject
Project("{FAE04EC0-301F-11D3-BF4B-00C04F79EFBC}") = "L.S.Service", "L.S.Service\L.S.Service.csproj", "{AA0956C1-A1F1-472F-BF46-F7A10CDEB5EA}"
EndProject
Project("{FAE04EC0-301F-11D3-BF4B-00C04F79EFBC}") = "L.S.Interface", "L.S.Interface\L.S.Interface.csproj", "{EE597FB5-1B10-45D8-839C-7860C96427C4}"
EndProject
Global
	GlobalSection(SolutionConfigurationPlatforms) = preSolution
		Debug|Any CPU = Debug|Any CPU
		Release|Any CPU = Release|Any CPU
	EndGlobalSection
	GlobalSection(ProjectConfigurationPlatforms) = postSolution
		{9C7FEA9A-57B4-407C-887C-5E00CECC782F}.Debug|Any CPU.ActiveCfg = Debug|Any CPU
		{9C7FEA9A-57B4-407C-887C-5E00CECC782F}.Debug|Any CPU.Build.0 = Debug|Any CPU
		{9C7FEA9A-57B4-407C-887C-5E00CECC782F}.Release|Any CPU.ActiveCfg = Release|Any CPU
		{9C7FEA9A-57B4-407C-887C-5E00CECC782F}.Release|Any CPU.Build.0 = Release|Any CPU
		{288961E6-75B4-4C92-8F98-4BFB196DAF34}.Debug|Any CPU.ActiveCfg = Debug|Any CPU
		{288961E6-75B4-4C92-8F98-4BFB196DAF34}.Debug|Any CPU.Build.0 = Debug|Any CPU
		{288961E6-75B4-4C92-8F98-4BFB196DAF34}.Release|Any CPU.ActiveCfg = Release|Any CPU
		{288961E6-75B4-4C92-8F98-4BFB196DAF34}.Release|Any CPU.Build.0 = Release|Any CPU
		{8F5B9765-5C4C-431F-A30D-3B28528CCAB6}.Debug|Any CPU.ActiveCfg = Debug|Any CPU
		{8F5B9765-5C4C-431F-A30D-3B28528CCAB6}.Debug|Any CPU.Build.0 = Debug|Any CPU
		{8F5B9765-5C4C-431F-A30D-3B28528CCAB6}.Release|Any CPU.ActiveCfg = Release|Any CPU
		{8F5B9765-5C4C-431F-A30D-3B28528CCAB6}.Release|Any CPU.Build.0 = Release|Any CPU
		{6A855B5F-F0AB-4219-8D97-2A043D0E39C8}.Debug|Any CPU.ActiveCfg = Debug|Any CPU
		{6A855B5F-F0AB-4219-8D97-2A043D0E39C8}.Debug|Any CPU.Build.0 = Debug|Any CPU
		{6A855B5F-F0AB-4219-8D97-2A043D0E39C8}.Release|Any CPU.ActiveCfg = Release|Any CPU
		{6A855B5F-F0AB-4219-8D97-2A043D0E39C8}.Release|Any CPU.Build.0 = Release|Any CPU
		{AA0956C1-A1F1-472F-BF46-F7A10CDEB5EA}.Debug|Any CPU.ActiveCfg = Debug|Any CPU
		{AA0956C1-A1F1-472F-BF46-F7A10CDEB5EA}.Debug|Any CPU.Build.0 = Debug|Any CPU
		{AA0956C1-A1F1-472F-BF46-F7A10CDEB5EA}.Release|Any CPU.ActiveCfg = Release|Any CPU
		{AA0956C1-A1F1-472F-BF46-F7A10CDEB5EA}.Release|Any CPU.Build.0 = Release|Any CPU
		{EE597FB5-1B10-45D8-839C-7860C96427C4}.Debug|Any CPU.ActiveCfg = Debug|Any CPU
		{EE597FB5-1B10-45D8-839C-7860C96427C4}.Debug|Any CPU.Build.0 = Debug|Any CPU
		{EE597FB5-1B10-45D8-839C-7860C96427C4}.Release|Any CPU.ActiveCfg = Release|Any CPU
		{EE597FB5-1B10-45D8-839C-7860C96427C4}.Release|Any CPU.Build.0 = Release|Any CPU
	EndGlobalSection
	GlobalSection(SolutionProperties) = preSolution
		HideSolutionNode = FALSE
	EndGlobalSection
EndGlobal
